
Microsoft Visual Studio Solution File, Format Version 12.00
# Visual Studio Version 17
VisualStudioVersion = 17.13.35931.197 d17.13
MinimumVisualStudioVersion = 10.0.40219.1
Project("{8BC9CEB8-8B4A-11D0-8D11-00A0C91BC942}") = "TestQML", "TestQML\TestQML.vcxproj", "{69161BF6-414D-4BC6-AF59-EA5EF2741E86}"
EndProject
Global
	GlobalSection(SolutionConfigurationPlatforms) = preSolution
		Debug|x64 = Debug|x64
		Release|x64 = Release|x64
	EndGlobalSection
	GlobalSection(ProjectConfigurationPlatforms) = postSolution
		{69161BF6-414D-4BC6-AF59-EA5EF2741E86}.Debug|x64.ActiveCfg = Debug|x64
		{69161BF6-414D-4BC6-AF59-EA5EF2741E86}.Debug|x64.Build.0 = Debug|x64
		{69161BF6-414D-4BC6-AF59-EA5EF2741E86}.Release|x64.ActiveCfg = Release|x64
		{69161BF6-414D-4BC6-AF59-EA5EF2741E86}.Release|x64.Build.0 = Release|x64
	EndGlobalSection
	GlobalSection(SolutionProperties) = preSolution
		HideSolutionNode = FALSE
	EndGlobalSection
	GlobalSection(ExtensibilityGlobals) = postSolution
		SolutionGuid = {9F5F1CE9-C3CB-47A7-ABB9-229E2C0CCBE0}
	EndGlobalSection
EndGlobal
